
Microsoft Visual Studio Solution File, Format Version 12.00
# Visual Studio Version 16
VisualStudioVersion = 16.0.31410.357
MinimumVisualStudioVersion = 10.0.40219.1
Project("{FAE04EC0-301F-11D3-BF4B-00C04F79EFBC}") = "DayFinder", "DayFinder.csproj", "{F28A8657-F2E9-4B29-92AD-355B09BAE116}"
EndProject
Global
	GlobalSection(SolutionConfigurationPlatforms) = preSolution
		Debug|Any CPU = Debug|Any CPU
		Release|Any CPU = Release|Any CPU
	EndGlobalSection
	GlobalSection(ProjectConfigurationPlatforms) = postSolution
		{F28A8657-F2E9-4B29-92AD-355B09BAE116}.Debug|Any CPU.ActiveCfg = Debug|Any CPU
		{F28A8657-F2E9-4B29-92AD-355B09BAE116}.Debug|Any CPU.Build.0 = Debug|Any CPU
		{F28A8657-F2E9-4B29-92AD-355B09BAE116}.Release|Any CPU.ActiveCfg = Release|Any CPU
		{F28A8657-F2E9-4B29-92AD-355B09BAE116}.Release|Any CPU.Build.0 = Release|Any CPU
	EndGlobalSection
	GlobalSection(SolutionProperties) = preSolution
		HideSolutionNode = FALSE
	EndGlobalSection
	GlobalSection(ExtensibilityGlobals) = postSolution
		SolutionGuid = {5468902E-C124-4FA4-BA4F-3E7E2F498FC8}
	EndGlobalSection
EndGlobal
