
Microsoft Visual Studio Solution File, Format Version 12.00
# Visual Studio Version 16
VisualStudioVersion = 16.0.31410.357
MinimumVisualStudioVersion = 10.0.40219.1
Project("{FAE04EC0-301F-11D3-BF4B-00C04F79EFBC}") = "DecimalToBinaryBase2", "DecimalToBinaryBase2.csproj", "{7F8FBB50-7A3B-409F-B909-48987F011B8E}"
EndProject
Global
	GlobalSection(SolutionConfigurationPlatforms) = preSolution
		Debug|Any CPU = Debug|Any CPU
		Release|Any CPU = Release|Any CPU
	EndGlobalSection
	GlobalSection(ProjectConfigurationPlatforms) = postSolution
		{7F8FBB50-7A3B-409F-B909-48987F011B8E}.Debug|Any CPU.ActiveCfg = Debug|Any CPU
		{7F8FBB50-7A3B-409F-B909-48987F011B8E}.Debug|Any CPU.Build.0 = Debug|Any CPU
		{7F8FBB50-7A3B-409F-B909-48987F011B8E}.Release|Any CPU.ActiveCfg = Release|Any CPU
		{7F8FBB50-7A3B-409F-B909-48987F011B8E}.Release|Any CPU.Build.0 = Release|Any CPU
	EndGlobalSection
	GlobalSection(SolutionProperties) = preSolution
		HideSolutionNode = FALSE
	EndGlobalSection
	GlobalSection(ExtensibilityGlobals) = postSolution
		SolutionGuid = {6CD24B72-0765-45F8-BA8D-B9624516719E}
	EndGlobalSection
EndGlobal
